// !$*UTF8*$!
{
	archiveVersion = 1;
	classes = {
	};
	objectVersion = 51;
	objects = {

/* Begin PBXBuildFile section */
		0CF8772147A1F876D812BDAB /* Pods_OpenEating.framework in Frameworks */ = {isa = PBXBuildFile; fileRef = 121ABB1D34BA5C6CF274B938 /* Pods_OpenEating.framework */; };
		5542AB2E256A2F6700D82EBE /* GoogleService-Info.plist in Resources */ = {isa = PBXBuildFile; fileRef = 5542AB2D256A2F6700D82EBE /* GoogleService-Info.plist */; };
		D74155FB2564692500242998 /* AppDelegate.swift in Sources */ = {isa = PBXBuildFile; fileRef = D74155FA2564692500242998 /* AppDelegate.swift */; };
		D74155FD2564692500242998 /* SceneDelegate.swift in Sources */ = {isa = PBXBuildFile; fileRef = D74155FC2564692500242998 /* SceneDelegate.swift */; };
		D74155FF2564692500242998 /* ViewController.swift in Sources */ = {isa = PBXBuildFile; fileRef = D74155FE2564692500242998 /* ViewController.swift */; };
		D74156022564692500242998 /* Main.storyboard in Resources */ = {isa = PBXBuildFile; fileRef = D74156002564692500242998 /* Main.storyboard */; };
		D74156042564692600242998 /* Assets.xcassets in Resources */ = {isa = PBXBuildFile; fileRef = D74156032564692600242998 /* Assets.xcassets */; };
		D74156072564692600242998 /* LaunchScreen.storyboard in Resources */ = {isa = PBXBuildFile; fileRef = D74156052564692600242998 /* LaunchScreen.storyboard */; };
		FD30391C256E310C00CBBDA2 /* ProfileSetUpViewController.swift in Sources */ = {isa = PBXBuildFile; fileRef = FD30391B256E310C00CBBDA2 /* ProfileSetUpViewController.swift */; };
		FD30391E256E311A00CBBDA2 /* DietaryPrefsViewController.swift in Sources */ = {isa = PBXBuildFile; fileRef = FD30391D256E311A00CBBDA2 /* DietaryPrefsViewController.swift */; };
		FDC1EFBC256708B0003D6C4E /* ProfileViewController.swift in Sources */ = {isa = PBXBuildFile; fileRef = FDC1EFBB256708B0003D6C4E /* ProfileViewController.swift */; };
		FDD5FC0E256ED130000A7512 /* HomeViewController.swift in Sources */ = {isa = PBXBuildFile; fileRef = FDD5FC0D256ED130000A7512 /* HomeViewController.swift */; };
		FDD5FC10256ED154000A7512 /* RecipeDetailsViewController.swift in Sources */ = {isa = PBXBuildFile; fileRef = FDD5FC0F256ED154000A7512 /* RecipeDetailsViewController.swift */; };
		FDD5FC14256ED1AE000A7512 /* AcctDetailsViewController.swift in Sources */ = {isa = PBXBuildFile; fileRef = FDD5FC13256ED1AE000A7512 /* AcctDetailsViewController.swift */; };
		FDF4918C2565AFF6001CE8F5 /* FavoritesViewController.swift in Sources */ = {isa = PBXBuildFile; fileRef = FDF4918B2565AFF6001CE8F5 /* FavoritesViewController.swift */; };
/* End PBXBuildFile section */

/* Begin PBXFileReference section */
		121ABB1D34BA5C6CF274B938 /* Pods_OpenEating.framework */ = {isa = PBXFileReference; explicitFileType = wrapper.framework; includeInIndex = 0; path = Pods_OpenEating.framework; sourceTree = BUILT_PRODUCTS_DIR; };
		5542AB2D256A2F6700D82EBE /* GoogleService-Info.plist */ = {isa = PBXFileReference; fileEncoding = 4; lastKnownFileType = text.plist.xml; path = "GoogleService-Info.plist"; sourceTree = "<group>"; };
		55DED9EC256EB17E00AF3A08 /* OpenEating.entitlements */ = {isa = PBXFileReference; lastKnownFileType = text.plist.entitlements; path = OpenEating.entitlements; sourceTree = "<group>"; };
		716D6CB83205A7A323BA4E7F /* Pods-OpenEating.release.xcconfig */ = {isa = PBXFileReference; includeInIndex = 1; lastKnownFileType = text.xcconfig; name = "Pods-OpenEating.release.xcconfig"; path = "Target Support Files/Pods-OpenEating/Pods-OpenEating.release.xcconfig"; sourceTree = "<group>"; };
		C43F308763A9AD41FA2C581A /* Pods-OpenEating.debug.xcconfig */ = {isa = PBXFileReference; includeInIndex = 1; lastKnownFileType = text.xcconfig; name = "Pods-OpenEating.debug.xcconfig"; path = "Target Support Files/Pods-OpenEating/Pods-OpenEating.debug.xcconfig"; sourceTree = "<group>"; };
		D74155F72564692500242998 /* OpenEating.app */ = {isa = PBXFileReference; explicitFileType = wrapper.application; includeInIndex = 0; path = OpenEating.app; sourceTree = BUILT_PRODUCTS_DIR; };
		D74155FA2564692500242998 /* AppDelegate.swift */ = {isa = PBXFileReference; lastKnownFileType = sourcecode.swift; path = AppDelegate.swift; sourceTree = "<group>"; };
		D74155FC2564692500242998 /* SceneDelegate.swift */ = {isa = PBXFileReference; lastKnownFileType = sourcecode.swift; path = SceneDelegate.swift; sourceTree = "<group>"; };
		D74155FE2564692500242998 /* ViewController.swift */ = {isa = PBXFileReference; lastKnownFileType = sourcecode.swift; path = ViewController.swift; sourceTree = "<group>"; };
		D74156012564692500242998 /* Base */ = {isa = PBXFileReference; lastKnownFileType = file.storyboard; name = Base; path = Base.lproj/Main.storyboard; sourceTree = "<group>"; };
		D74156032564692600242998 /* Assets.xcassets */ = {isa = PBXFileReference; lastKnownFileType = folder.assetcatalog; path = Assets.xcassets; sourceTree = "<group>"; };
		D74156062564692600242998 /* Base */ = {isa = PBXFileReference; lastKnownFileType = file.storyboard; name = Base; path = Base.lproj/LaunchScreen.storyboard; sourceTree = "<group>"; };
		D74156082564692600242998 /* Info.plist */ = {isa = PBXFileReference; lastKnownFileType = text.plist.xml; path = Info.plist; sourceTree = "<group>"; };
		FD30391B256E310C00CBBDA2 /* ProfileSetUpViewController.swift */ = {isa = PBXFileReference; lastKnownFileType = sourcecode.swift; path = ProfileSetUpViewController.swift; sourceTree = "<group>"; };
		FD30391D256E311A00CBBDA2 /* DietaryPrefsViewController.swift */ = {isa = PBXFileReference; lastKnownFileType = sourcecode.swift; path = DietaryPrefsViewController.swift; sourceTree = "<group>"; };
		FDC1EFBB256708B0003D6C4E /* ProfileViewController.swift */ = {isa = PBXFileReference; lastKnownFileType = sourcecode.swift; path = ProfileViewController.swift; sourceTree = "<group>"; };
		FDD5FC0D256ED130000A7512 /* HomeViewController.swift */ = {isa = PBXFileReference; lastKnownFileType = sourcecode.swift; path = HomeViewController.swift; sourceTree = "<group>"; };
		FDD5FC0F256ED154000A7512 /* RecipeDetailsViewController.swift */ = {isa = PBXFileReference; lastKnownFileType = sourcecode.swift; path = RecipeDetailsViewController.swift; sourceTree = "<group>"; };
		FDD5FC13256ED1AE000A7512 /* AcctDetailsViewController.swift */ = {isa = PBXFileReference; lastKnownFileType = sourcecode.swift; path = AcctDetailsViewController.swift; sourceTree = "<group>"; };
		FDF4918B2565AFF6001CE8F5 /* FavoritesViewController.swift */ = {isa = PBXFileReference; lastKnownFileType = sourcecode.swift; path = FavoritesViewController.swift; sourceTree = "<group>"; };
/* End PBXFileReference section */

/* Begin PBXFrameworksBuildPhase section */
		D74155F42564692500242998 /* Frameworks */ = {
			isa = PBXFrameworksBuildPhase;
			buildActionMask = 2147483647;
			files = (
				0CF8772147A1F876D812BDAB /* Pods_OpenEating.framework in Frameworks */,
			);
			runOnlyForDeploymentPostprocessing = 0;
		};
/* End PBXFrameworksBuildPhase section */

/* Begin PBXGroup section */
		2E767A79CA47C17AFC70BFF1 /* Pods */ = {
			isa = PBXGroup;
			children = (
				C43F308763A9AD41FA2C581A /* Pods-OpenEating.debug.xcconfig */,
				716D6CB83205A7A323BA4E7F /* Pods-OpenEating.release.xcconfig */,
			);
			path = Pods;
			sourceTree = "<group>";
		};
		B269663E527D06A4F4E58DCC /* Frameworks */ = {
			isa = PBXGroup;
			children = (
				121ABB1D34BA5C6CF274B938 /* Pods_OpenEating.framework */,
			);
			name = Frameworks;
			sourceTree = "<group>";
		};
		D74155EE2564692500242998 = {
			isa = PBXGroup;
			children = (
				D74155F92564692500242998 /* OpenEating */,
				D74155F82564692500242998 /* Products */,
				2E767A79CA47C17AFC70BFF1 /* Pods */,
				B269663E527D06A4F4E58DCC /* Frameworks */,
			);
			sourceTree = "<group>";
		};
		D74155F82564692500242998 /* Products */ = {
			isa = PBXGroup;
			children = (
				D74155F72564692500242998 /* OpenEating.app */,
			);
			name = Products;
			sourceTree = "<group>";
		};
		D74155F92564692500242998 /* OpenEating */ = {
			isa = PBXGroup;
			children = (
				55DED9EC256EB17E00AF3A08 /* OpenEating.entitlements */,
				D74155FA2564692500242998 /* AppDelegate.swift */,
				D74155FC2564692500242998 /* SceneDelegate.swift */,
				D74155FE2564692500242998 /* ViewController.swift */,
				D74156002564692500242998 /* Main.storyboard */,
				FDD5FC13256ED1AE000A7512 /* AcctDetailsViewController.swift */,
				FDD5FC0F256ED154000A7512 /* RecipeDetailsViewController.swift */,
				FD30391B256E310C00CBBDA2 /* ProfileSetUpViewController.swift */,
				FD30391D256E311A00CBBDA2 /* DietaryPrefsViewController.swift */,
				FDC1EFBB256708B0003D6C4E /* ProfileViewController.swift */,
				FDD5FC0D256ED130000A7512 /* HomeViewController.swift */,
				FDF4918B2565AFF6001CE8F5 /* FavoritesViewController.swift */,
				D74156032564692600242998 /* Assets.xcassets */,
				D74156052564692600242998 /* LaunchScreen.storyboard */,
				D74156082564692600242998 /* Info.plist */,
				5542AB2D256A2F6700D82EBE /* GoogleService-Info.plist */,
			);
			path = OpenEating;
			sourceTree = "<group>";
		};
/* End PBXGroup section */

/* Begin PBXNativeTarget section */
		D74155F62564692500242998 /* OpenEating */ = {
			isa = PBXNativeTarget;
			buildConfigurationList = D741560B2564692600242998 /* Build configuration list for PBXNativeTarget "OpenEating" */;
			buildPhases = (
				D81A032FF3B9DC753013D887 /* [CP] Check Pods Manifest.lock */,
				D74155F32564692500242998 /* Sources */,
				D74155F42564692500242998 /* Frameworks */,
				D74155F52564692500242998 /* Resources */,
				E0C2E3A20F9BA25B57F3A222 /* [CP] Embed Pods Frameworks */,
				42019ACEF4FC920D771DB650 /* [CP] Copy Pods Resources */,
			);
			buildRules = (
			);
			dependencies = (
			);
			name = OpenEating;
			productName = OpenEating;
			productReference = D74155F72564692500242998 /* OpenEating.app */;
			productType = "com.apple.product-type.application";
		};
/* End PBXNativeTarget section */

/* Begin PBXProject section */
		D74155EF2564692500242998 /* Project object */ = {
			isa = PBXProject;
			attributes = {
				LastSwiftUpdateCheck = 1150;
				LastUpgradeCheck = 1150;
				ORGANIZATIONNAME = "Olivia Schotz";
				TargetAttributes = {
					D74155F62564692500242998 = {
						CreatedOnToolsVersion = 11.5;
					};
				};
			};
			buildConfigurationList = D74155F22564692500242998 /* Build configuration list for PBXProject "OpenEating" */;
			compatibilityVersion = "Xcode 9.3";
			developmentRegion = en;
			hasScannedForEncodings = 0;
			knownRegions = (
				en,
				Base,
			);
			mainGroup = D74155EE2564692500242998;
			productRefGroup = D74155F82564692500242998 /* Products */;
			projectDirPath = "";
			projectRoot = "";
			targets = (
				D74155F62564692500242998 /* OpenEating */,
			);
		};
/* End PBXProject section */

/* Begin PBXResourcesBuildPhase section */
		D74155F52564692500242998 /* Resources */ = {
			isa = PBXResourcesBuildPhase;
			buildActionMask = 2147483647;
			files = (
				D74156072564692600242998 /* LaunchScreen.storyboard in Resources */,
				5542AB2E256A2F6700D82EBE /* GoogleService-Info.plist in Resources */,
				D74156042564692600242998 /* Assets.xcassets in Resources */,
				D74156022564692500242998 /* Main.storyboard in Resources */,
			);
			runOnlyForDeploymentPostprocessing = 0;
		};
/* End PBXResourcesBuildPhase section */

/* Begin PBXShellScriptBuildPhase section */
		42019ACEF4FC920D771DB650 /* [CP] Copy Pods Resources */ = {
			isa = PBXShellScriptBuildPhase;
			buildActionMask = 2147483647;
			files = (
			);
			inputFileListPaths = (
				"${PODS_ROOT}/Target Support Files/Pods-OpenEating/Pods-OpenEating-resources-${CONFIGURATION}-input-files.xcfilelist",
			);
			name = "[CP] Copy Pods Resources";
			outputFileListPaths = (
				"${PODS_ROOT}/Target Support Files/Pods-OpenEating/Pods-OpenEating-resources-${CONFIGURATION}-output-files.xcfilelist",
			);
			runOnlyForDeploymentPostprocessing = 0;
			shellPath = /bin/sh;
			shellScript = "\"${PODS_ROOT}/Target Support Files/Pods-OpenEating/Pods-OpenEating-resources.sh\"\n";
			showEnvVarsInLog = 0;
		};
		D81A032FF3B9DC753013D887 /* [CP] Check Pods Manifest.lock */ = {
			isa = PBXShellScriptBuildPhase;
			buildActionMask = 2147483647;
			files = (
			);
			inputFileListPaths = (
			);
			inputPaths = (
				"${PODS_PODFILE_DIR_PATH}/Podfile.lock",
				"${PODS_ROOT}/Manifest.lock",
			);
			name = "[CP] Check Pods Manifest.lock";
			outputFileListPaths = (
			);
			outputPaths = (
				"$(DERIVED_FILE_DIR)/Pods-OpenEating-checkManifestLockResult.txt",
			);
			runOnlyForDeploymentPostprocessing = 0;
			shellPath = /bin/sh;
			shellScript = "diff \"${PODS_PODFILE_DIR_PATH}/Podfile.lock\" \"${PODS_ROOT}/Manifest.lock\" > /dev/null\nif [ $? != 0 ] ; then\n    # print error to STDERR\n    echo \"error: The sandbox is not in sync with the Podfile.lock. Run 'pod install' or update your CocoaPods installation.\" >&2\n    exit 1\nfi\n# This output is used by Xcode 'outputs' to avoid re-running this script phase.\necho \"SUCCESS\" > \"${SCRIPT_OUTPUT_FILE_0}\"\n";
			showEnvVarsInLog = 0;
		};
		E0C2E3A20F9BA25B57F3A222 /* [CP] Embed Pods Frameworks */ = {
			isa = PBXShellScriptBuildPhase;
			buildActionMask = 2147483647;
			files = (
			);
			inputFileListPaths = (
				"${PODS_ROOT}/Target Support Files/Pods-OpenEating/Pods-OpenEating-frameworks-${CONFIGURATION}-input-files.xcfilelist",
			);
			name = "[CP] Embed Pods Frameworks";
			outputFileListPaths = (
				"${PODS_ROOT}/Target Support Files/Pods-OpenEating/Pods-OpenEating-frameworks-${CONFIGURATION}-output-files.xcfilelist",
			);
			runOnlyForDeploymentPostprocessing = 0;
			shellPath = /bin/sh;
			shellScript = "\"${PODS_ROOT}/Target Support Files/Pods-OpenEating/Pods-OpenEating-frameworks.sh\"\n";
			showEnvVarsInLog = 0;
		};
/* End PBXShellScriptBuildPhase section */

/* Begin PBXSourcesBuildPhase section */
		D74155F32564692500242998 /* Sources */ = {
			isa = PBXSourcesBuildPhase;
			buildActionMask = 2147483647;
			files = (
				FDD5FC14256ED1AE000A7512 /* AcctDetailsViewController.swift in Sources */,
				FD30391C256E310C00CBBDA2 /* ProfileSetUpViewController.swift in Sources */,
				FDD5FC10256ED154000A7512 /* RecipeDetailsViewController.swift in Sources */,
				D74155FF2564692500242998 /* ViewController.swift in Sources */,
				D74155FB2564692500242998 /* AppDelegate.swift in Sources */,
				FDD5FC0E256ED130000A7512 /* HomeViewController.swift in Sources */,
				FDC1EFBC256708B0003D6C4E /* ProfileViewController.swift in Sources */,
				FDF4918C2565AFF6001CE8F5 /* FavoritesViewController.swift in Sources */,
				D74155FD2564692500242998 /* SceneDelegate.swift in Sources */,
				FD30391E256E311A00CBBDA2 /* DietaryPrefsViewController.swift in Sources */,
			);
			runOnlyForDeploymentPostprocessing = 0;
		};
/* End PBXSourcesBuildPhase section */

/* Begin PBXVariantGroup section */
		D74156002564692500242998 /* Main.storyboard */ = {
			isa = PBXVariantGroup;
			children = (
				D74156012564692500242998 /* Base */,
			);
			name = Main.storyboard;
			sourceTree = "<group>";
		};
		D74156052564692600242998 /* LaunchScreen.storyboard */ = {
			isa = PBXVariantGroup;
			children = (
				D74156062564692600242998 /* Base */,
			);
			name = LaunchScreen.storyboard;
			sourceTree = "<group>";
		};
/* End PBXVariantGroup section */

/* Begin XCBuildConfiguration section */
		D74156092564692600242998 /* Debug */ = {
			isa = XCBuildConfiguration;
			buildSettings = {
				ALWAYS_SEARCH_USER_PATHS = NO;
				CLANG_ANALYZER_NONNULL = YES;
				CLANG_ANALYZER_NUMBER_OBJECT_CONVERSION = YES_AGGRESSIVE;
				CLANG_CXX_LANGUAGE_STANDARD = "gnu++14";
				CLANG_CXX_LIBRARY = "libc++";
				CLANG_ENABLE_MODULES = YES;
				CLANG_ENABLE_OBJC_ARC = YES;
				CLANG_ENABLE_OBJC_WEAK = YES;
				CLANG_WARN_BLOCK_CAPTURE_AUTORELEASING = YES;
				CLANG_WARN_BOOL_CONVERSION = YES;
				CLANG_WARN_COMMA = YES;
				CLANG_WARN_CONSTANT_CONVERSION = YES;
				CLANG_WARN_DEPRECATED_OBJC_IMPLEMENTATIONS = YES;
				CLANG_WARN_DIRECT_OBJC_ISA_USAGE = YES_ERROR;
				CLANG_WARN_DOCUMENTATION_COMMENTS = YES;
				CLANG_WARN_EMPTY_BODY = YES;
				CLANG_WARN_ENUM_CONVERSION = YES;
				CLANG_WARN_INFINITE_RECURSION = YES;
				CLANG_WARN_INT_CONVERSION = YES;
				CLANG_WARN_NON_LITERAL_NULL_CONVERSION = YES;
				CLANG_WARN_OBJC_IMPLICIT_RETAIN_SELF = YES;
				CLANG_WARN_OBJC_LITERAL_CONVERSION = YES;
				CLANG_WARN_OBJC_ROOT_CLASS = YES_ERROR;
				CLANG_WARN_RANGE_LOOP_ANALYSIS = YES;
				CLANG_WARN_STRICT_PROTOTYPES = YES;
				CLANG_WARN_SUSPICIOUS_MOVE = YES;
				CLANG_WARN_UNGUARDED_AVAILABILITY = YES_AGGRESSIVE;
				CLANG_WARN_UNREACHABLE_CODE = YES;
				CLANG_WARN__DUPLICATE_METHOD_MATCH = YES;
				COPY_PHASE_STRIP = NO;
				DEBUG_INFORMATION_FORMAT = dwarf;
				ENABLE_STRICT_OBJC_MSGSEND = YES;
				ENABLE_TESTABILITY = YES;
				GCC_C_LANGUAGE_STANDARD = gnu11;
				GCC_DYNAMIC_NO_PIC = NO;
				GCC_NO_COMMON_BLOCKS = YES;
				GCC_OPTIMIZATION_LEVEL = 0;
				GCC_PREPROCESSOR_DEFINITIONS = (
					"DEBUG=1",
					"$(inherited)",
				);
				GCC_WARN_64_TO_32_BIT_CONVERSION = YES;
				GCC_WARN_ABOUT_RETURN_TYPE = YES_ERROR;
				GCC_WARN_UNDECLARED_SELECTOR = YES;
				GCC_WARN_UNINITIALIZED_AUTOS = YES_AGGRESSIVE;
				GCC_WARN_UNUSED_FUNCTION = YES;
				GCC_WARN_UNUSED_VARIABLE = YES;
				IPHONEOS_DEPLOYMENT_TARGET = 13.5;
				MTL_ENABLE_DEBUG_INFO = INCLUDE_SOURCE;
				MTL_FAST_MATH = YES;
				ONLY_ACTIVE_ARCH = YES;
				SDKROOT = iphoneos;
				SWIFT_ACTIVE_COMPILATION_CONDITIONS = DEBUG;
				SWIFT_OPTIMIZATION_LEVEL = "-Onone";
			};
			name = Debug;
		};
		D741560A2564692600242998 /* Release */ = {
			isa = XCBuildConfiguration;
			buildSettings = {
				ALWAYS_SEARCH_USER_PATHS = NO;
				CLANG_ANALYZER_NONNULL = YES;
				CLANG_ANALYZER_NUMBER_OBJECT_CONVERSION = YES_AGGRESSIVE;
				CLANG_CXX_LANGUAGE_STANDARD = "gnu++14";
				CLANG_CXX_LIBRARY = "libc++";
				CLANG_ENABLE_MODULES = YES;
				CLANG_ENABLE_OBJC_ARC = YES;
				CLANG_ENABLE_OBJC_WEAK = YES;
				CLANG_WARN_BLOCK_CAPTURE_AUTORELEASING = YES;
				CLANG_WARN_BOOL_CONVERSION = YES;
				CLANG_WARN_COMMA = YES;
				CLANG_WARN_CONSTANT_CONVERSION = YES;
				CLANG_WARN_DEPRECATED_OBJC_IMPLEMENTATIONS = YES;
				CLANG_WARN_DIRECT_OBJC_ISA_USAGE = YES_ERROR;
				CLANG_WARN_DOCUMENTATION_COMMENTS = YES;
				CLANG_WARN_EMPTY_BODY = YES;
				CLANG_WARN_ENUM_CONVERSION = YES;
				CLANG_WARN_INFINITE_RECURSION = YES;
				CLANG_WARN_INT_CONVERSION = YES;
				CLANG_WARN_NON_LITERAL_NULL_CONVERSION = YES;
				CLANG_WARN_OBJC_IMPLICIT_RETAIN_SELF = YES;
				CLANG_WARN_OBJC_LITERAL_CONVERSION = YES;
				CLANG_WARN_OBJC_ROOT_CLASS = YES_ERROR;
				CLANG_WARN_RANGE_LOOP_ANALYSIS = YES;
				CLANG_WARN_STRICT_PROTOTYPES = YES;
				CLANG_WARN_SUSPICIOUS_MOVE = YES;
				CLANG_WARN_UNGUARDED_AVAILABILITY = YES_AGGRESSIVE;
				CLANG_WARN_UNREACHABLE_CODE = YES;
				CLANG_WARN__DUPLICATE_METHOD_MATCH = YES;
				COPY_PHASE_STRIP = NO;
				DEBUG_INFORMATION_FORMAT = "dwarf-with-dsym";
				ENABLE_NS_ASSERTIONS = NO;
				ENABLE_STRICT_OBJC_MSGSEND = YES;
				GCC_C_LANGUAGE_STANDARD = gnu11;
				GCC_NO_COMMON_BLOCKS = YES;
				GCC_WARN_64_TO_32_BIT_CONVERSION = YES;
				GCC_WARN_ABOUT_RETURN_TYPE = YES_ERROR;
				GCC_WARN_UNDECLARED_SELECTOR = YES;
				GCC_WARN_UNINITIALIZED_AUTOS = YES_AGGRESSIVE;
				GCC_WARN_UNUSED_FUNCTION = YES;
				GCC_WARN_UNUSED_VARIABLE = YES;
				IPHONEOS_DEPLOYMENT_TARGET = 13.5;
				MTL_ENABLE_DEBUG_INFO = NO;
				MTL_FAST_MATH = YES;
				SDKROOT = iphoneos;
				SWIFT_COMPILATION_MODE = wholemodule;
				SWIFT_OPTIMIZATION_LEVEL = "-O";
				VALIDATE_PRODUCT = YES;
			};
			name = Release;
		};
		D741560C2564692600242998 /* Debug */ = {
			isa = XCBuildConfiguration;
			baseConfigurationReference = C43F308763A9AD41FA2C581A /* Pods-OpenEating.debug.xcconfig */;
			buildSettings = {
				ASSETCATALOG_COMPILER_APPICON_NAME = AppIcon;
				CODE_SIGN_ENTITLEMENTS = OpenEating/OpenEating.entitlements;
				CODE_SIGN_STYLE = Automatic;
				DEVELOPMENT_TEAM = "";
				INFOPLIST_FILE = OpenEating/Info.plist;
				LD_RUNPATH_SEARCH_PATHS = (
					"$(inherited)",
					"@executable_path/Frameworks",
				);
				PRODUCT_BUNDLE_IDENTIFIER = oschotz.OpenEating;
				PRODUCT_NAME = "$(TARGET_NAME)";
				SWIFT_VERSION = 5.0;
				TARGETED_DEVICE_FAMILY = "1,2";
			};
			name = Debug;
		};
		D741560D2564692600242998 /* Release */ = {
			isa = XCBuildConfiguration;
			baseConfigurationReference = 716D6CB83205A7A323BA4E7F /* Pods-OpenEating.release.xcconfig */;
			buildSettings = {
				ASSETCATALOG_COMPILER_APPICON_NAME = AppIcon;
				CODE_SIGN_ENTITLEMENTS = OpenEating/OpenEating.entitlements;
				CODE_SIGN_STYLE = Automatic;
				DEVELOPMENT_TEAM = "";
				INFOPLIST_FILE = OpenEating/Info.plist;
				LD_RUNPATH_SEARCH_PATHS = (
					"$(inherited)",
					"@executable_path/Frameworks",
				);
				PRODUCT_BUNDLE_IDENTIFIER = oschotz.OpenEating;
				PRODUCT_NAME = "$(TARGET_NAME)";
				SWIFT_VERSION = 5.0;
				TARGETED_DEVICE_FAMILY = "1,2";
			};
			name = Release;
		};
/* End XCBuildConfiguration section */

/* Begin XCConfigurationList section */
		D74155F22564692500242998 /* Build configuration list for PBXProject "OpenEating" */ = {
			isa = XCConfigurationList;
			buildConfigurations = (
				D74156092564692600242998 /* Debug */,
				D741560A2564692600242998 /* Release */,
			);
			defaultConfigurationIsVisible = 0;
			defaultConfigurationName = Release;
		};
		D741560B2564692600242998 /* Build configuration list for PBXNativeTarget "OpenEating" */ = {
			isa = XCConfigurationList;
			buildConfigurations = (
				D741560C2564692600242998 /* Debug */,
				D741560D2564692600242998 /* Release */,
			);
			defaultConfigurationIsVisible = 0;
			defaultConfigurationName = Release;
		};
/* End XCConfigurationList section */
	};
	rootObject = D74155EF2564692500242998 /* Project object */;
}
